
Microsoft Visual Studio Solution File, Format Version 12.00
# Visual Studio Version 16
VisualStudioVersion = 16.0.31112.23
MinimumVisualStudioVersion = 10.0.40219.1
Project("{2150E333-8FDC-42A3-9474-1A3956D46DE8}") = "Services", "Services", "{820D2195-B12C-4DD6-AA3F-A1AD5E3B8C17}"
EndProject
Project("{2150E333-8FDC-42A3-9474-1A3956D46DE8}") = "Catalog", "Catalog", "{D31CE846-97EF-4212-ABE5-A6FA03813889}"
EndProject
Project("{9A19103F-16F7-4668-BE54-9A1E7A4F7556}") = "Catalog.API", "Services\Catalog\Catalog.API\Catalog.API.csproj", "{7B5785B3-8693-4EBC-97E2-C33E63BA9780}"
EndProject
Project("{E53339B2-1760-4266-BCC7-CA923CBCF16C}") = "docker-compose", "docker-compose.dcproj", "{F81632F8-8A2E-4F5E-AD81-FE12659A9114}"
EndProject
Project("{2150E333-8FDC-42A3-9474-1A3956D46DE8}") = "Basket", "Basket", "{7E0406BA-A26D-4288-A959-6416326A549C}"
EndProject
Project("{9A19103F-16F7-4668-BE54-9A1E7A4F7556}") = "Basket.API", "Services\Basket\Basket.API\Basket.API.csproj", "{09CFD309-652F-40FC-B872-B26D4300E1D6}"
EndProject
Project("{2150E333-8FDC-42A3-9474-1A3956D46DE8}") = "Discount", "Discount", "{CAB1CE5E-3F32-47BC-9EE5-3513B8216E41}"
EndProject
Project("{FAE04EC0-301F-11D3-BF4B-00C04F79EFBC}") = "Discount.API", "Services\Discount\Discount.API\Discount.API.csproj", "{A5B9B6A3-BA52-4283-8D3D-377B7B01DE2F}"
EndProject
Global
	GlobalSection(SolutionConfigurationPlatforms) = preSolution
		Debug|Any CPU = Debug|Any CPU
		Release|Any CPU = Release|Any CPU
	EndGlobalSection
	GlobalSection(ProjectConfigurationPlatforms) = postSolution
		{7B5785B3-8693-4EBC-97E2-C33E63BA9780}.Debug|Any CPU.ActiveCfg = Debug|Any CPU
		{7B5785B3-8693-4EBC-97E2-C33E63BA9780}.Debug|Any CPU.Build.0 = Debug|Any CPU
		{7B5785B3-8693-4EBC-97E2-C33E63BA9780}.Release|Any CPU.ActiveCfg = Release|Any CPU
		{7B5785B3-8693-4EBC-97E2-C33E63BA9780}.Release|Any CPU.Build.0 = Release|Any CPU
		{F81632F8-8A2E-4F5E-AD81-FE12659A9114}.Debug|Any CPU.ActiveCfg = Debug|Any CPU
		{F81632F8-8A2E-4F5E-AD81-FE12659A9114}.Debug|Any CPU.Build.0 = Debug|Any CPU
		{F81632F8-8A2E-4F5E-AD81-FE12659A9114}.Release|Any CPU.ActiveCfg = Release|Any CPU
		{F81632F8-8A2E-4F5E-AD81-FE12659A9114}.Release|Any CPU.Build.0 = Release|Any CPU
		{09CFD309-652F-40FC-B872-B26D4300E1D6}.Debug|Any CPU.ActiveCfg = Debug|Any CPU
		{09CFD309-652F-40FC-B872-B26D4300E1D6}.Debug|Any CPU.Build.0 = Debug|Any CPU
		{09CFD309-652F-40FC-B872-B26D4300E1D6}.Release|Any CPU.ActiveCfg = Release|Any CPU
		{09CFD309-652F-40FC-B872-B26D4300E1D6}.Release|Any CPU.Build.0 = Release|Any CPU
		{A5B9B6A3-BA52-4283-8D3D-377B7B01DE2F}.Debug|Any CPU.ActiveCfg = Debug|Any CPU
		{A5B9B6A3-BA52-4283-8D3D-377B7B01DE2F}.Debug|Any CPU.Build.0 = Debug|Any CPU
		{A5B9B6A3-BA52-4283-8D3D-377B7B01DE2F}.Release|Any CPU.ActiveCfg = Release|Any CPU
		{A5B9B6A3-BA52-4283-8D3D-377B7B01DE2F}.Release|Any CPU.Build.0 = Release|Any CPU
	EndGlobalSection
	GlobalSection(SolutionProperties) = preSolution
		HideSolutionNode = FALSE
	EndGlobalSection
	GlobalSection(NestedProjects) = preSolution
		{D31CE846-97EF-4212-ABE5-A6FA03813889} = {820D2195-B12C-4DD6-AA3F-A1AD5E3B8C17}
		{7B5785B3-8693-4EBC-97E2-C33E63BA9780} = {D31CE846-97EF-4212-ABE5-A6FA03813889}
		{7E0406BA-A26D-4288-A959-6416326A549C} = {820D2195-B12C-4DD6-AA3F-A1AD5E3B8C17}
		{09CFD309-652F-40FC-B872-B26D4300E1D6} = {7E0406BA-A26D-4288-A959-6416326A549C}
		{CAB1CE5E-3F32-47BC-9EE5-3513B8216E41} = {820D2195-B12C-4DD6-AA3F-A1AD5E3B8C17}
		{A5B9B6A3-BA52-4283-8D3D-377B7B01DE2F} = {CAB1CE5E-3F32-47BC-9EE5-3513B8216E41}
	EndGlobalSection
	GlobalSection(ExtensibilityGlobals) = postSolution
		SolutionGuid = {50ECE8BA-69EC-44EC-8B65-16FDF481B044}
	EndGlobalSection
EndGlobal
