
Microsoft Visual Studio Solution File, Format Version 12.00
# Visual Studio Version 16
VisualStudioVersion = 16.0.31112.23
MinimumVisualStudioVersion = 10.0.40219.1
Project("{2150E333-8FDC-42A3-9474-1A3956D46DE8}") = "Services", "Services", "{820D2195-B12C-4DD6-AA3F-A1AD5E3B8C17}"
EndProject
Project("{2150E333-8FDC-42A3-9474-1A3956D46DE8}") = "Catalog", "Catalog", "{D31CE846-97EF-4212-ABE5-A6FA03813889}"
EndProject
Project("{9A19103F-16F7-4668-BE54-9A1E7A4F7556}") = "Catalog.API", "Services\Catalog\Catalog.API\Catalog.API.csproj", "{7B5785B3-8693-4EBC-97E2-C33E63BA9780}"
EndProject
Project("{E53339B2-1760-4266-BCC7-CA923CBCF16C}") = "docker-compose", "docker-compose.dcproj", "{F81632F8-8A2E-4F5E-AD81-FE12659A9114}"
EndProject
Project("{2150E333-8FDC-42A3-9474-1A3956D46DE8}") = "Basket", "Basket", "{7E0406BA-A26D-4288-A959-6416326A549C}"
EndProject
Project("{9A19103F-16F7-4668-BE54-9A1E7A4F7556}") = "Basket.API", "Services\Basket\Basket.API\Basket.API.csproj", "{09CFD309-652F-40FC-B872-B26D4300E1D6}"
EndProject
Project("{2150E333-8FDC-42A3-9474-1A3956D46DE8}") = "Discount", "Discount", "{CAB1CE5E-3F32-47BC-9EE5-3513B8216E41}"
EndProject
Project("{9A19103F-16F7-4668-BE54-9A1E7A4F7556}") = "Discount.API", "Services\Discount\Discount.API\Discount.API.csproj", "{A5B9B6A3-BA52-4283-8D3D-377B7B01DE2F}"
EndProject
Project("{9A19103F-16F7-4668-BE54-9A1E7A4F7556}") = "Discount.Grpc", "Services\Discounts\Discount.Grpc\Discount.Grpc.csproj", "{A5AB457E-E26F-49E9-A2FA-95BA7040F9EC}"
EndProject
Project("{2150E333-8FDC-42A3-9474-1A3956D46DE8}") = "Ordering", "Ordering", "{B74DA450-16AE-4EB6-B08D-F4BF13EA0DA4}"
EndProject
Project("{FAE04EC0-301F-11D3-BF4B-00C04F79EFBC}") = "Ordering.API", "Services\Ordering\Ordering.API\Ordering.API.csproj", "{57057E1D-A2CC-4F11-8DA1-81021EECB59B}"
EndProject
Project("{FAE04EC0-301F-11D3-BF4B-00C04F79EFBC}") = "Ordering.Domain", "Services\Ordering\Ordering.Domain\Ordering.Domain.csproj", "{AE213CF4-1A64-4A1D-864F-830AC4883D32}"
EndProject
Project("{FAE04EC0-301F-11D3-BF4B-00C04F79EFBC}") = "Ordering.Application", "Services\Ordering\Ordering.Application\Ordering.Application.csproj", "{12F02ADB-55B6-449E-B7B3-808D9068B51E}"
EndProject
Project("{FAE04EC0-301F-11D3-BF4B-00C04F79EFBC}") = "Ordering.Infrastructure", "Services\Ordering\Ordering.Infrastructure\Ordering.Infrastructure.csproj", "{EB7A4970-04BB-4C2B-9CAE-3FE3999121CD}"
EndProject
Global
	GlobalSection(SolutionConfigurationPlatforms) = preSolution
		Debug|Any CPU = Debug|Any CPU
		Release|Any CPU = Release|Any CPU
	EndGlobalSection
	GlobalSection(ProjectConfigurationPlatforms) = postSolution
		{7B5785B3-8693-4EBC-97E2-C33E63BA9780}.Debug|Any CPU.ActiveCfg = Debug|Any CPU
		{7B5785B3-8693-4EBC-97E2-C33E63BA9780}.Debug|Any CPU.Build.0 = Debug|Any CPU
		{7B5785B3-8693-4EBC-97E2-C33E63BA9780}.Release|Any CPU.ActiveCfg = Release|Any CPU
		{7B5785B3-8693-4EBC-97E2-C33E63BA9780}.Release|Any CPU.Build.0 = Release|Any CPU
		{F81632F8-8A2E-4F5E-AD81-FE12659A9114}.Debug|Any CPU.ActiveCfg = Debug|Any CPU
		{F81632F8-8A2E-4F5E-AD81-FE12659A9114}.Debug|Any CPU.Build.0 = Debug|Any CPU
		{F81632F8-8A2E-4F5E-AD81-FE12659A9114}.Release|Any CPU.ActiveCfg = Release|Any CPU
		{F81632F8-8A2E-4F5E-AD81-FE12659A9114}.Release|Any CPU.Build.0 = Release|Any CPU
		{09CFD309-652F-40FC-B872-B26D4300E1D6}.Debug|Any CPU.ActiveCfg = Debug|Any CPU
		{09CFD309-652F-40FC-B872-B26D4300E1D6}.Debug|Any CPU.Build.0 = Debug|Any CPU
		{09CFD309-652F-40FC-B872-B26D4300E1D6}.Release|Any CPU.ActiveCfg = Release|Any CPU
		{09CFD309-652F-40FC-B872-B26D4300E1D6}.Release|Any CPU.Build.0 = Release|Any CPU
		{A5B9B6A3-BA52-4283-8D3D-377B7B01DE2F}.Debug|Any CPU.ActiveCfg = Debug|Any CPU
		{A5B9B6A3-BA52-4283-8D3D-377B7B01DE2F}.Debug|Any CPU.Build.0 = Debug|Any CPU
		{A5B9B6A3-BA52-4283-8D3D-377B7B01DE2F}.Release|Any CPU.ActiveCfg = Release|Any CPU
		{A5B9B6A3-BA52-4283-8D3D-377B7B01DE2F}.Release|Any CPU.Build.0 = Release|Any CPU
		{A5AB457E-E26F-49E9-A2FA-95BA7040F9EC}.Debug|Any CPU.ActiveCfg = Debug|Any CPU
		{A5AB457E-E26F-49E9-A2FA-95BA7040F9EC}.Debug|Any CPU.Build.0 = Debug|Any CPU
		{A5AB457E-E26F-49E9-A2FA-95BA7040F9EC}.Release|Any CPU.ActiveCfg = Release|Any CPU
		{A5AB457E-E26F-49E9-A2FA-95BA7040F9EC}.Release|Any CPU.Build.0 = Release|Any CPU
		{57057E1D-A2CC-4F11-8DA1-81021EECB59B}.Debug|Any CPU.ActiveCfg = Debug|Any CPU
		{57057E1D-A2CC-4F11-8DA1-81021EECB59B}.Debug|Any CPU.Build.0 = Debug|Any CPU
		{57057E1D-A2CC-4F11-8DA1-81021EECB59B}.Release|Any CPU.ActiveCfg = Release|Any CPU
		{57057E1D-A2CC-4F11-8DA1-81021EECB59B}.Release|Any CPU.Build.0 = Release|Any CPU
		{AE213CF4-1A64-4A1D-864F-830AC4883D32}.Debug|Any CPU.ActiveCfg = Debug|Any CPU
		{AE213CF4-1A64-4A1D-864F-830AC4883D32}.Debug|Any CPU.Build.0 = Debug|Any CPU
		{AE213CF4-1A64-4A1D-864F-830AC4883D32}.Release|Any CPU.ActiveCfg = Release|Any CPU
		{AE213CF4-1A64-4A1D-864F-830AC4883D32}.Release|Any CPU.Build.0 = Release|Any CPU
		{12F02ADB-55B6-449E-B7B3-808D9068B51E}.Debug|Any CPU.ActiveCfg = Debug|Any CPU
		{12F02ADB-55B6-449E-B7B3-808D9068B51E}.Debug|Any CPU.Build.0 = Debug|Any CPU
		{12F02ADB-55B6-449E-B7B3-808D9068B51E}.Release|Any CPU.ActiveCfg = Release|Any CPU
		{12F02ADB-55B6-449E-B7B3-808D9068B51E}.Release|Any CPU.Build.0 = Release|Any CPU
		{EB7A4970-04BB-4C2B-9CAE-3FE3999121CD}.Debug|Any CPU.ActiveCfg = Debug|Any CPU
		{EB7A4970-04BB-4C2B-9CAE-3FE3999121CD}.Debug|Any CPU.Build.0 = Debug|Any CPU
		{EB7A4970-04BB-4C2B-9CAE-3FE3999121CD}.Release|Any CPU.ActiveCfg = Release|Any CPU
		{EB7A4970-04BB-4C2B-9CAE-3FE3999121CD}.Release|Any CPU.Build.0 = Release|Any CPU
	EndGlobalSection
	GlobalSection(SolutionProperties) = preSolution
		HideSolutionNode = FALSE
	EndGlobalSection
	GlobalSection(NestedProjects) = preSolution
		{D31CE846-97EF-4212-ABE5-A6FA03813889} = {820D2195-B12C-4DD6-AA3F-A1AD5E3B8C17}
		{7B5785B3-8693-4EBC-97E2-C33E63BA9780} = {D31CE846-97EF-4212-ABE5-A6FA03813889}
		{7E0406BA-A26D-4288-A959-6416326A549C} = {820D2195-B12C-4DD6-AA3F-A1AD5E3B8C17}
		{09CFD309-652F-40FC-B872-B26D4300E1D6} = {7E0406BA-A26D-4288-A959-6416326A549C}
		{CAB1CE5E-3F32-47BC-9EE5-3513B8216E41} = {820D2195-B12C-4DD6-AA3F-A1AD5E3B8C17}
		{A5B9B6A3-BA52-4283-8D3D-377B7B01DE2F} = {CAB1CE5E-3F32-47BC-9EE5-3513B8216E41}
		{A5AB457E-E26F-49E9-A2FA-95BA7040F9EC} = {CAB1CE5E-3F32-47BC-9EE5-3513B8216E41}
		{B74DA450-16AE-4EB6-B08D-F4BF13EA0DA4} = {820D2195-B12C-4DD6-AA3F-A1AD5E3B8C17}
		{57057E1D-A2CC-4F11-8DA1-81021EECB59B} = {B74DA450-16AE-4EB6-B08D-F4BF13EA0DA4}
		{AE213CF4-1A64-4A1D-864F-830AC4883D32} = {B74DA450-16AE-4EB6-B08D-F4BF13EA0DA4}
		{12F02ADB-55B6-449E-B7B3-808D9068B51E} = {B74DA450-16AE-4EB6-B08D-F4BF13EA0DA4}
		{EB7A4970-04BB-4C2B-9CAE-3FE3999121CD} = {B74DA450-16AE-4EB6-B08D-F4BF13EA0DA4}
	EndGlobalSection
	GlobalSection(ExtensibilityGlobals) = postSolution
		SolutionGuid = {50ECE8BA-69EC-44EC-8B65-16FDF481B044}
	EndGlobalSection
EndGlobal
